
Microsoft Visual Studio Solution File, Format Version 12.00
# Visual Studio Version 16
VisualStudioVersion = 16.0.31205.134
MinimumVisualStudioVersion = 10.0.40219.1
Project("{9A19103F-16F7-4668-BE54-9A1E7A4F7556}") = "AccountsMicroservice", "AccountsMicroservice\AccountsMicroservice.csproj", "{E742E374-90C3-4ECA-9E37-C7B4696FE96B}"
EndProject
Project("{9A19103F-16F7-4668-BE54-9A1E7A4F7556}") = "AccountsTest", "AccountsTest\AccountsTest.csproj", "{28784E5A-1BAC-4F9A-A1AC-ADD28ECC1A3B}"
EndProject
Project("{9A19103F-16F7-4668-BE54-9A1E7A4F7556}") = "Authentication", "..\AuthenticationMicroservice\Authentication\Authentication.csproj", "{8C687AE6-4E6F-4791-B7F6-D9EE772B003E}"
EndProject
Project("{9A19103F-16F7-4668-BE54-9A1E7A4F7556}") = "CustomerMicroservice", "..\CustomerMicroservice\customer\CustomerMicroservice.csproj", "{E48689C4-C8B6-4F7A-AE67-CAFD7007BC44}"
EndProject
Project("{9A19103F-16F7-4668-BE54-9A1E7A4F7556}") = "RuleMicroservice", "..\RulesMicroservice\RuleMicroservice\RuleMicroservice.csproj", "{940DB0BE-A7EC-4894-96F1-41108075773D}"
EndProject
Project("{9A19103F-16F7-4668-BE54-9A1E7A4F7556}") = "TransactionMicroservice", "..\TransactionMicroservice\TransactionMicroservice\TransactionMicroservice.csproj", "{1133D537-8FCA-4911-9718-6D8E596CD40A}"
EndProject
Global
	GlobalSection(SolutionConfigurationPlatforms) = preSolution
		Debug|Any CPU = Debug|Any CPU
		Release|Any CPU = Release|Any CPU
	EndGlobalSection
	GlobalSection(ProjectConfigurationPlatforms) = postSolution
		{E742E374-90C3-4ECA-9E37-C7B4696FE96B}.Debug|Any CPU.ActiveCfg = Debug|Any CPU
		{E742E374-90C3-4ECA-9E37-C7B4696FE96B}.Debug|Any CPU.Build.0 = Debug|Any CPU
		{E742E374-90C3-4ECA-9E37-C7B4696FE96B}.Release|Any CPU.ActiveCfg = Release|Any CPU
		{E742E374-90C3-4ECA-9E37-C7B4696FE96B}.Release|Any CPU.Build.0 = Release|Any CPU
		{28784E5A-1BAC-4F9A-A1AC-ADD28ECC1A3B}.Debug|Any CPU.ActiveCfg = Debug|Any CPU
		{28784E5A-1BAC-4F9A-A1AC-ADD28ECC1A3B}.Debug|Any CPU.Build.0 = Debug|Any CPU
		{28784E5A-1BAC-4F9A-A1AC-ADD28ECC1A3B}.Release|Any CPU.ActiveCfg = Release|Any CPU
		{28784E5A-1BAC-4F9A-A1AC-ADD28ECC1A3B}.Release|Any CPU.Build.0 = Release|Any CPU
		{8C687AE6-4E6F-4791-B7F6-D9EE772B003E}.Debug|Any CPU.ActiveCfg = Debug|Any CPU
		{8C687AE6-4E6F-4791-B7F6-D9EE772B003E}.Debug|Any CPU.Build.0 = Debug|Any CPU
		{8C687AE6-4E6F-4791-B7F6-D9EE772B003E}.Release|Any CPU.ActiveCfg = Release|Any CPU
		{8C687AE6-4E6F-4791-B7F6-D9EE772B003E}.Release|Any CPU.Build.0 = Release|Any CPU
		{E48689C4-C8B6-4F7A-AE67-CAFD7007BC44}.Debug|Any CPU.ActiveCfg = Debug|Any CPU
		{E48689C4-C8B6-4F7A-AE67-CAFD7007BC44}.Debug|Any CPU.Build.0 = Debug|Any CPU
		{E48689C4-C8B6-4F7A-AE67-CAFD7007BC44}.Release|Any CPU.ActiveCfg = Release|Any CPU
		{E48689C4-C8B6-4F7A-AE67-CAFD7007BC44}.Release|Any CPU.Build.0 = Release|Any CPU
		{940DB0BE-A7EC-4894-96F1-41108075773D}.Debug|Any CPU.ActiveCfg = Debug|Any CPU
		{940DB0BE-A7EC-4894-96F1-41108075773D}.Debug|Any CPU.Build.0 = Debug|Any CPU
		{940DB0BE-A7EC-4894-96F1-41108075773D}.Release|Any CPU.ActiveCfg = Release|Any CPU
		{940DB0BE-A7EC-4894-96F1-41108075773D}.Release|Any CPU.Build.0 = Release|Any CPU
		{1133D537-8FCA-4911-9718-6D8E596CD40A}.Debug|Any CPU.ActiveCfg = Debug|Any CPU
		{1133D537-8FCA-4911-9718-6D8E596CD40A}.Debug|Any CPU.Build.0 = Debug|Any CPU
		{1133D537-8FCA-4911-9718-6D8E596CD40A}.Release|Any CPU.ActiveCfg = Release|Any CPU
		{1133D537-8FCA-4911-9718-6D8E596CD40A}.Release|Any CPU.Build.0 = Release|Any CPU
	EndGlobalSection
	GlobalSection(SolutionProperties) = preSolution
		HideSolutionNode = FALSE
	EndGlobalSection
	GlobalSection(ExtensibilityGlobals) = postSolution
		SolutionGuid = {8DBE2F36-67B9-4D91-B04B-61741A271EF3}
	EndGlobalSection
EndGlobal
